
Microsoft Visual Studio Solution File, Format Version 12.00
# Visual Studio 15
VisualStudioVersion = 15.0.28010.2050
MinimumVisualStudioVersion = 10.0.40219.1
Project("{FAE04EC0-301F-11D3-BF4B-00C04F79EFBC}") = "MaxiPostManager", "MaxiPostManager\MaxiPostManager.csproj", "{FB263D34-5969-4C45-B90E-6944D0F7F9DE}"
EndProject
Global
	GlobalSection(SolutionConfigurationPlatforms) = preSolution
		Debug|Any CPU = Debug|Any CPU
		Release|Any CPU = Release|Any CPU
	EndGlobalSection
	GlobalSection(ProjectConfigurationPlatforms) = postSolution
		{FB263D34-5969-4C45-B90E-6944D0F7F9DE}.Debug|Any CPU.ActiveCfg = Debug|Any CPU
		{FB263D34-5969-4C45-B90E-6944D0F7F9DE}.Debug|Any CPU.Build.0 = Debug|Any CPU
		{FB263D34-5969-4C45-B90E-6944D0F7F9DE}.Release|Any CPU.ActiveCfg = Release|Any CPU
		{FB263D34-5969-4C45-B90E-6944D0F7F9DE}.Release|Any CPU.Build.0 = Release|Any CPU
	EndGlobalSection
	GlobalSection(SolutionProperties) = preSolution
		HideSolutionNode = FALSE
	EndGlobalSection
	GlobalSection(ExtensibilityGlobals) = postSolution
		SolutionGuid = {E7AA891F-4C97-4C81-B1BA-611A7605B64E}
	EndGlobalSection
EndGlobal
